schema: '2.0'
stages:
  xls2json:
    cmd: node scripts/quintiles.mjs
    deps:
    - path: data/ben-philips-housing-data/Rent Mortgage Oz2.xls
      hash: md5
      md5: 23766dabf42cb597b35f861c3ec4a57e
      size: 152064
    - path: data/ben-philips-housing-data/tenureqntl.csv
      hash: md5
      md5: 21ebe8246975a745316f27d48a5186e8
      size: 5231
    outs:
    - path: data/housing-data-clean/quintiles.json
      hash: md5
      md5: 4dd043b796c2192dec0feea17ea969f7
      size: 12084
